
Microsoft Visual Studio Solution File, Format Version 12.00
# Visual Studio Version 17
VisualStudioVersion = 17.14.36127.28 d17.14
MinimumVisualStudioVersion = 10.0.40219.1
Project("{888888A0-9F3D-457C-B088-3A5042F75D52}") = "CodingAssignments", "CodingAssignments\CodingAssignments.pyproj", "{9F4DF5EB-9CEA-4C61-869A-79F57ED68942}"
EndProject
Global
	GlobalSection(SolutionConfigurationPlatforms) = preSolution
		Debug|Any CPU = Debug|Any CPU
		Release|Any CPU = Release|Any CPU
	EndGlobalSection
	GlobalSection(ProjectConfigurationPlatforms) = postSolution
		{9F4DF5EB-9CEA-4C61-869A-79F57ED68942}.Debug|Any CPU.ActiveCfg = Debug|Any CPU
		{9F4DF5EB-9CEA-4C61-869A-79F57ED68942}.Release|Any CPU.ActiveCfg = Release|Any CPU
	EndGlobalSection
	GlobalSection(SolutionProperties) = preSolution
		HideSolutionNode = FALSE
	EndGlobalSection
	GlobalSection(ExtensibilityGlobals) = postSolution
		SolutionGuid = {EFC030B0-3991-486F-8B6D-3E89E1B07263}
	EndGlobalSection
EndGlobal
